
Microsoft Visual Studio Solution File, Format Version 12.00
Project("{FAE04EC0-301F-11D3-BF4B-00C04F79EFBC}") = "tekhnika", "tekhnika\tekhnika.csproj", "{B903DEE3-9385-4C3F-83F9-9FD2E521389E}"
EndProject
Global
	GlobalSection(SolutionConfigurationPlatforms) = preSolution
		Debug|Any CPU = Debug|Any CPU
		Release|Any CPU = Release|Any CPU
	EndGlobalSection
	GlobalSection(ProjectConfigurationPlatforms) = postSolution
		{B903DEE3-9385-4C3F-83F9-9FD2E521389E}.Debug|Any CPU.ActiveCfg = Debug|Any CPU
		{B903DEE3-9385-4C3F-83F9-9FD2E521389E}.Debug|Any CPU.Build.0 = Debug|Any CPU
		{B903DEE3-9385-4C3F-83F9-9FD2E521389E}.Release|Any CPU.ActiveCfg = Release|Any CPU
		{B903DEE3-9385-4C3F-83F9-9FD2E521389E}.Release|Any CPU.Build.0 = Release|Any CPU
	EndGlobalSection
EndGlobal
